
Microsoft Visual Studio Solution File, Format Version 12.00
# Visual Studio 15
VisualStudioVersion = 15.0.28307.902
MinimumVisualStudioVersion = 10.0.40219.1
Project("{D2ABAB84-BF74-430A-B69E-9DC6D40DDA17}") = "DWH_CUBE", "DWH_CUBE\DWH_CUBE.dwproj", "{6F41DD8E-DC18-4511-AFD9-92955E2167F5}"
EndProject
Global
	GlobalSection(SolutionConfigurationPlatforms) = preSolution
		Development|Default = Development|Default
	EndGlobalSection
	GlobalSection(ProjectConfigurationPlatforms) = postSolution
		{6F41DD8E-DC18-4511-AFD9-92955E2167F5}.Development|Default.ActiveCfg = Development
		{6F41DD8E-DC18-4511-AFD9-92955E2167F5}.Development|Default.Build.0 = Development
		{6F41DD8E-DC18-4511-AFD9-92955E2167F5}.Development|Default.Deploy.0 = Development
	EndGlobalSection
	GlobalSection(SolutionProperties) = preSolution
		HideSolutionNode = FALSE
	EndGlobalSection
	GlobalSection(ExtensibilityGlobals) = postSolution
		SolutionGuid = {15BE25AF-3F9E-4A6F-9EF7-E6ED9965A55E}
	EndGlobalSection
EndGlobal
